
Microsoft Visual Studio Solution File, Format Version 12.00
# Visual Studio 2012
Project("{D954291E-2A0B-460D-934E-DC6B0785DB48}") = "MeiMeiReader", "MeiMeiReader\MeiMeiReader.shproj", "{46B37896-2328-4B1C-BF7F-56D5C288B6C1}"
EndProject
Project("{FAE04EC0-301F-11D3-BF4B-00C04F79EFBC}") = "MeiMeiReader.iOS", "iOS\MeiMeiReader.iOS.csproj", "{2D668A8A-A704-4751-9A5A-25D85498C454}"
EndProject
Project("{FAE04EC0-301F-11D3-BF4B-00C04F79EFBC}") = "MeiMeiReader.Droid", "Droid\MeiMeiReader.Droid.csproj", "{DAD18220-79C1-4090-853A-94624BBAE3F7}"
EndProject
Global
	GlobalSection(SolutionConfigurationPlatforms) = preSolution
		Debug|iPhoneSimulator = Debug|iPhoneSimulator
		Release|iPhone = Release|iPhone
		Release|iPhoneSimulator = Release|iPhoneSimulator
		Debug|iPhone = Debug|iPhone
		Debug|Any CPU = Debug|Any CPU
		Release|Any CPU = Release|Any CPU
	EndGlobalSection
	GlobalSection(ProjectConfigurationPlatforms) = postSolution
		{2D668A8A-A704-4751-9A5A-25D85498C454}.Debug|iPhoneSimulator.ActiveCfg = Debug|iPhoneSimulator
		{2D668A8A-A704-4751-9A5A-25D85498C454}.Debug|iPhoneSimulator.Build.0 = Debug|iPhoneSimulator
		{2D668A8A-A704-4751-9A5A-25D85498C454}.Release|iPhone.ActiveCfg = Release|iPhone
		{2D668A8A-A704-4751-9A5A-25D85498C454}.Release|iPhone.Build.0 = Release|iPhone
		{2D668A8A-A704-4751-9A5A-25D85498C454}.Release|iPhoneSimulator.ActiveCfg = Release|iPhoneSimulator
		{2D668A8A-A704-4751-9A5A-25D85498C454}.Release|iPhoneSimulator.Build.0 = Release|iPhoneSimulator
		{2D668A8A-A704-4751-9A5A-25D85498C454}.Debug|iPhone.ActiveCfg = Debug|iPhone
		{2D668A8A-A704-4751-9A5A-25D85498C454}.Debug|iPhone.Build.0 = Debug|iPhone
		{2D668A8A-A704-4751-9A5A-25D85498C454}.Debug|Any CPU.ActiveCfg = Debug|iPhoneSimulator
		{2D668A8A-A704-4751-9A5A-25D85498C454}.Debug|Any CPU.Build.0 = Debug|iPhoneSimulator
		{2D668A8A-A704-4751-9A5A-25D85498C454}.Release|Any CPU.ActiveCfg = Release|iPhone
		{2D668A8A-A704-4751-9A5A-25D85498C454}.Release|Any CPU.Build.0 = Release|iPhone
		{DAD18220-79C1-4090-853A-94624BBAE3F7}.Debug|iPhoneSimulator.ActiveCfg = Debug|Any CPU
		{DAD18220-79C1-4090-853A-94624BBAE3F7}.Debug|iPhoneSimulator.Build.0 = Debug|Any CPU
		{DAD18220-79C1-4090-853A-94624BBAE3F7}.Release|iPhone.ActiveCfg = Release|Any CPU
		{DAD18220-79C1-4090-853A-94624BBAE3F7}.Release|iPhone.Build.0 = Release|Any CPU
		{DAD18220-79C1-4090-853A-94624BBAE3F7}.Release|iPhoneSimulator.ActiveCfg = Release|Any CPU
		{DAD18220-79C1-4090-853A-94624BBAE3F7}.Release|iPhoneSimulator.Build.0 = Release|Any CPU
		{DAD18220-79C1-4090-853A-94624BBAE3F7}.Debug|iPhone.ActiveCfg = Debug|Any CPU
		{DAD18220-79C1-4090-853A-94624BBAE3F7}.Debug|iPhone.Build.0 = Debug|Any CPU
		{DAD18220-79C1-4090-853A-94624BBAE3F7}.Debug|Any CPU.ActiveCfg = Debug|Any CPU
		{DAD18220-79C1-4090-853A-94624BBAE3F7}.Debug|Any CPU.Build.0 = Debug|Any CPU
		{DAD18220-79C1-4090-853A-94624BBAE3F7}.Release|Any CPU.ActiveCfg = Release|Any CPU
		{DAD18220-79C1-4090-853A-94624BBAE3F7}.Release|Any CPU.Build.0 = Release|Any CPU
	EndGlobalSection
EndGlobal
